// !$*UTF8*$!
{
	archiveVersion = 1;
	classes = {
	};
	objectVersion = 56;
	objects = {

/* Begin PBXBuildFile section */
		4B27D95D2CCE105D0075A913 /* AppDelegate.swift in Sources */ = {isa = PBXBuildFile; fileRef = 4B27D95C2CCE105D0075A913 /* AppDelegate.swift */; };
		4B27D95F2CCE105D0075A913 /* SceneDelegate.swift in Sources */ = {isa = PBXBuildFile; fileRef = 4B27D95E2CCE105D0075A913 /* SceneDelegate.swift */; };
		4B27D9612CCE105D0075A913 /* ViewController.swift in Sources */ = {isa = PBXBuildFile; fileRef = 4B27D9602CCE105D0075A913 /* ViewController.swift */; };
		4B27D9642CCE105D0075A913 /* Base in Resources */ = {isa = PBXBuildFile; fileRef = 4B27D9632CCE105D0075A913 /* Base */; };
		4B27D9662CCE105F0075A913 /* Assets.xcassets in Resources */ = {isa = PBXBuildFile; fileRef = 4B27D9652CCE105F0075A913 /* Assets.xcassets */; };
		4B27D9692CCE105F0075A913 /* Base in Resources */ = {isa = PBXBuildFile; fileRef = 4B27D9682CCE105F0075A913 /* Base */; };
		4B27D9712CCEB3420075A913 /* MovieDataService.swift in Sources */ = {isa = PBXBuildFile; fileRef = 4B27D9702CCEB3420075A913 /* MovieDataService.swift */; };
		4B27D9732CCEB3890075A913 /* MovieDataModel.swift in Sources */ = {isa = PBXBuildFile; fileRef = 4B27D9722CCEB3890075A913 /* MovieDataModel.swift */; };
		4B27D9752CCEB63F0075A913 /* MovieDataTransformer.swift in Sources */ = {isa = PBXBuildFile; fileRef = 4B27D9742CCEB63F0075A913 /* MovieDataTransformer.swift */; };
		4B27D9772CCEC39E0075A913 /* JSON.swift in Sources */ = {isa = PBXBuildFile; fileRef = 4B27D9762CCEC39E0075A913 /* JSON.swift */; };
		4B27D9792CCF36A40075A913 /* MovieListViewController.swift in Sources */ = {isa = PBXBuildFile; fileRef = 4B27D9782CCF36A40075A913 /* MovieListViewController.swift */; };
		4B27D97B2CCF3D6C0075A913 /* MovieDetailViewController.swift in Sources */ = {isa = PBXBuildFile; fileRef = 4B27D97A2CCF3D6C0075A913 /* MovieDetailViewController.swift */; };
		4B27D97D2CCF46A10075A913 /* MiniMovieCellTableViewCell.swift in Sources */ = {isa = PBXBuildFile; fileRef = 4B27D97C2CCF46A10075A913 /* MiniMovieCellTableViewCell.swift */; };
		4B27D97F2CCF46E30075A913 /* OptionCategoryCell.swift in Sources */ = {isa = PBXBuildFile; fileRef = 4B27D97E2CCF46E30075A913 /* OptionCategoryCell.swift */; };
		4B27D9812CCF47010075A913 /* NestedOptionCell.swift in Sources */ = {isa = PBXBuildFile; fileRef = 4B27D9802CCF47010075A913 /* NestedOptionCell.swift */; };
/* End PBXBuildFile section */

/* Begin PBXFileReference section */
		4B27D9592CCE105D0075A913 /* MovieDataBaseApp.app */ = {isa = PBXFileReference; explicitFileType = wrapper.application; includeInIndex = 0; path = MovieDataBaseApp.app; sourceTree = BUILT_PRODUCTS_DIR; };
		4B27D95C2CCE105D0075A913 /* AppDelegate.swift */ = {isa = PBXFileReference; lastKnownFileType = sourcecode.swift; path = AppDelegate.swift; sourceTree = "<group>"; };
		4B27D95E2CCE105D0075A913 /* SceneDelegate.swift */ = {isa = PBXFileReference; lastKnownFileType = sourcecode.swift; path = SceneDelegate.swift; sourceTree = "<group>"; };
		4B27D9602CCE105D0075A913 /* ViewController.swift */ = {isa = PBXFileReference; lastKnownFileType = sourcecode.swift; path = ViewController.swift; sourceTree = "<group>"; };
		4B27D9632CCE105D0075A913 /* Base */ = {isa = PBXFileReference; lastKnownFileType = file.storyboard; name = Base; path = Base.lproj/Main.storyboard; sourceTree = "<group>"; };
		4B27D9652CCE105F0075A913 /* Assets.xcassets */ = {isa = PBXFileReference; lastKnownFileType = folder.assetcatalog; path = Assets.xcassets; sourceTree = "<group>"; };
		4B27D9682CCE105F0075A913 /* Base */ = {isa = PBXFileReference; lastKnownFileType = file.storyboard; name = Base; path = Base.lproj/LaunchScreen.storyboard; sourceTree = "<group>"; };
		4B27D96A2CCE105F0075A913 /* Info.plist */ = {isa = PBXFileReference; lastKnownFileType = text.plist.xml; path = Info.plist; sourceTree = "<group>"; };
		4B27D9702CCEB3420075A913 /* MovieDataService.swift */ = {isa = PBXFileReference; lastKnownFileType = sourcecode.swift; path = MovieDataService.swift; sourceTree = "<group>"; };
		4B27D9722CCEB3890075A913 /* MovieDataModel.swift */ = {isa = PBXFileReference; lastKnownFileType = sourcecode.swift; path = MovieDataModel.swift; sourceTree = "<group>"; };
		4B27D9742CCEB63F0075A913 /* MovieDataTransformer.swift */ = {isa = PBXFileReference; lastKnownFileType = sourcecode.swift; path = MovieDataTransformer.swift; sourceTree = "<group>"; };
		4B27D9762CCEC39E0075A913 /* JSON.swift */ = {isa = PBXFileReference; lastKnownFileType = sourcecode.swift; path = JSON.swift; sourceTree = "<group>"; };
		4B27D9782CCF36A40075A913 /* MovieListViewController.swift */ = {isa = PBXFileReference; lastKnownFileType = sourcecode.swift; path = MovieListViewController.swift; sourceTree = "<group>"; };
		4B27D97A2CCF3D6C0075A913 /* MovieDetailViewController.swift */ = {isa = PBXFileReference; lastKnownFileType = sourcecode.swift; path = MovieDetailViewController.swift; sourceTree = "<group>"; };
		4B27D97C2CCF46A10075A913 /* MiniMovieCellTableViewCell.swift */ = {isa = PBXFileReference; lastKnownFileType = sourcecode.swift; path = MiniMovieCellTableViewCell.swift; sourceTree = "<group>"; };
		4B27D97E2CCF46E30075A913 /* OptionCategoryCell.swift */ = {isa = PBXFileReference; lastKnownFileType = sourcecode.swift; path = OptionCategoryCell.swift; sourceTree = "<group>"; };
		4B27D9802CCF47010075A913 /* NestedOptionCell.swift */ = {isa = PBXFileReference; lastKnownFileType = sourcecode.swift; path = NestedOptionCell.swift; sourceTree = "<group>"; };
/* End PBXFileReference section */

/* Begin PBXFrameworksBuildPhase section */
		4B27D9562CCE105D0075A913 /* Frameworks */ = {
			isa = PBXFrameworksBuildPhase;
			buildActionMask = 2147483647;
			files = (
			);
			runOnlyForDeploymentPostprocessing = 0;
		};
/* End PBXFrameworksBuildPhase section */

/* Begin PBXGroup section */
		4B27D9502CCE105D0075A913 = {
			isa = PBXGroup;
			children = (
				4B27D95B2CCE105D0075A913 /* MovieDataBaseApp */,
				4B27D95A2CCE105D0075A913 /* Products */,
			);
			sourceTree = "<group>";
		};
		4B27D95A2CCE105D0075A913 /* Products */ = {
			isa = PBXGroup;
			children = (
				4B27D9592CCE105D0075A913 /* MovieDataBaseApp.app */,
			);
			name = Products;
			sourceTree = "<group>";
		};
		4B27D95B2CCE105D0075A913 /* MovieDataBaseApp */ = {
			isa = PBXGroup;
			children = (
				4B27D96A2CCE105F0075A913 /* Info.plist */,
				4B27D9822CCF581C0075A913 /* View */,
				4B27D9852CCF58700075A913 /* Service */,
				4B27D9832CCF582D0075A913 /* Controllers */,
				4B27D9842CCF58530075A913 /* Model */,
				4B27D9862CCF587E0075A913 /* Resources */,
			);
			path = MovieDataBaseApp;
			sourceTree = "<group>";
		};
		4B27D9822CCF581C0075A913 /* View */ = {
			isa = PBXGroup;
			children = (
				4B27D97C2CCF46A10075A913 /* MiniMovieCellTableViewCell.swift */,
				4B27D97E2CCF46E30075A913 /* OptionCategoryCell.swift */,
				4B27D9802CCF47010075A913 /* NestedOptionCell.swift */,
			);
			path = View;
			sourceTree = "<group>";
		};
		4B27D9832CCF582D0075A913 /* Controllers */ = {
			isa = PBXGroup;
			children = (
				4B27D9602CCE105D0075A913 /* ViewController.swift */,
				4B27D9782CCF36A40075A913 /* MovieListViewController.swift */,
				4B27D97A2CCF3D6C0075A913 /* MovieDetailViewController.swift */,
			);
			path = Controllers;
			sourceTree = "<group>";
		};
		4B27D9842CCF58530075A913 /* Model */ = {
			isa = PBXGroup;
			children = (
				4B27D9762CCEC39E0075A913 /* JSON.swift */,
				4B27D9722CCEB3890075A913 /* MovieDataModel.swift */,
			);
			path = Model;
			sourceTree = "<group>";
		};
		4B27D9852CCF58700075A913 /* Service */ = {
			isa = PBXGroup;
			children = (
				4B27D9702CCEB3420075A913 /* MovieDataService.swift */,
				4B27D9742CCEB63F0075A913 /* MovieDataTransformer.swift */,
			);
			name = Service;
			sourceTree = "<group>";
		};
		4B27D9862CCF587E0075A913 /* Resources */ = {
			isa = PBXGroup;
			children = (
				4B27D95C2CCE105D0075A913 /* AppDelegate.swift */,
				4B27D95E2CCE105D0075A913 /* SceneDelegate.swift */,
				4B27D9622CCE105D0075A913 /* Main.storyboard */,
				4B27D9652CCE105F0075A913 /* Assets.xcassets */,
				4B27D9672CCE105F0075A913 /* LaunchScreen.storyboard */,
			);
			path = Resources;
			sourceTree = "<group>";
		};
/* End PBXGroup section */

/* Begin PBXNativeTarget section */
		4B27D9582CCE105D0075A913 /* MovieDataBaseApp */ = {
			isa = PBXNativeTarget;
			buildConfigurationList = 4B27D96D2CCE105F0075A913 /* Build configuration list for PBXNativeTarget "MovieDataBaseApp" */;
			buildPhases = (
				4B27D9552CCE105D0075A913 /* Sources */,
				4B27D9562CCE105D0075A913 /* Frameworks */,
				4B27D9572CCE105D0075A913 /* Resources */,
			);
			buildRules = (
			);
			dependencies = (
			);
			name = MovieDataBaseApp;
			productName = MovieDataBaseApp;
			productReference = 4B27D9592CCE105D0075A913 /* MovieDataBaseApp.app */;
			productType = "com.apple.product-type.application";
		};
/* End PBXNativeTarget section */

/* Begin PBXProject section */
		4B27D9512CCE105D0075A913 /* Project object */ = {
			isa = PBXProject;
			attributes = {
				BuildIndependentTargetsInParallel = 1;
				LastSwiftUpdateCheck = 1540;
				LastUpgradeCheck = 1540;
				TargetAttributes = {
					4B27D9582CCE105D0075A913 = {
						CreatedOnToolsVersion = 15.4;
					};
				};
			};
			buildConfigurationList = 4B27D9542CCE105D0075A913 /* Build configuration list for PBXProject "MovieDataBaseApp" */;
			compatibilityVersion = "Xcode 14.0";
			developmentRegion = en;
			hasScannedForEncodings = 0;
			knownRegions = (
				en,
				Base,
			);
			mainGroup = 4B27D9502CCE105D0075A913;
			productRefGroup = 4B27D95A2CCE105D0075A913 /* Products */;
			projectDirPath = "";
			projectRoot = "";
			targets = (
				4B27D9582CCE105D0075A913 /* MovieDataBaseApp */,
			);
		};
/* End PBXProject section */

/* Begin PBXResourcesBuildPhase section */
		4B27D9572CCE105D0075A913 /* Resources */ = {
			isa = PBXResourcesBuildPhase;
			buildActionMask = 2147483647;
			files = (
				4B27D9662CCE105F0075A913 /* Assets.xcassets in Resources */,
				4B27D9692CCE105F0075A913 /* Base in Resources */,
				4B27D9642CCE105D0075A913 /* Base in Resources */,
			);
			runOnlyForDeploymentPostprocessing = 0;
		};
/* End PBXResourcesBuildPhase section */

/* Begin PBXSourcesBuildPhase section */
		4B27D9552CCE105D0075A913 /* Sources */ = {
			isa = PBXSourcesBuildPhase;
			buildActionMask = 2147483647;
			files = (
				4B27D9752CCEB63F0075A913 /* MovieDataTransformer.swift in Sources */,
				4B27D9812CCF47010075A913 /* NestedOptionCell.swift in Sources */,
				4B27D9772CCEC39E0075A913 /* JSON.swift in Sources */,
				4B27D9712CCEB3420075A913 /* MovieDataService.swift in Sources */,
				4B27D9792CCF36A40075A913 /* MovieListViewController.swift in Sources */,
				4B27D9612CCE105D0075A913 /* ViewController.swift in Sources */,
				4B27D9732CCEB3890075A913 /* MovieDataModel.swift in Sources */,
				4B27D97F2CCF46E30075A913 /* OptionCategoryCell.swift in Sources */,
				4B27D97D2CCF46A10075A913 /* MiniMovieCellTableViewCell.swift in Sources */,
				4B27D95D2CCE105D0075A913 /* AppDelegate.swift in Sources */,
				4B27D97B2CCF3D6C0075A913 /* MovieDetailViewController.swift in Sources */,
				4B27D95F2CCE105D0075A913 /* SceneDelegate.swift in Sources */,
			);
			runOnlyForDeploymentPostprocessing = 0;
		};
/* End PBXSourcesBuildPhase section */

/* Begin PBXVariantGroup section */
		4B27D9622CCE105D0075A913 /* Main.storyboard */ = {
			isa = PBXVariantGroup;
			children = (
				4B27D9632CCE105D0075A913 /* Base */,
			);
			name = Main.storyboard;
			sourceTree = "<group>";
		};
		4B27D9672CCE105F0075A913 /* LaunchScreen.storyboard */ = {
			isa = PBXVariantGroup;
			children = (
				4B27D9682CCE105F0075A913 /* Base */,
			);
			name = LaunchScreen.storyboard;
			sourceTree = "<group>";
		};
/* End PBXVariantGroup section */

/* Begin XCBuildConfiguration section */
		4B27D96B2CCE105F0075A913 /* Debug */ = {
			isa = XCBuildConfiguration;
			buildSettings = {
				ALWAYS_SEARCH_USER_PATHS = NO;
				ASSETCATALOG_COMPILER_GENERATE_SWIFT_ASSET_SYMBOL_EXTENSIONS = YES;
				CLANG_ANALYZER_NONNULL = YES;
				CLANG_ANALYZER_NUMBER_OBJECT_CONVERSION = YES_AGGRESSIVE;
				CLANG_CXX_LANGUAGE_STANDARD = "gnu++20";
				CLANG_ENABLE_MODULES = YES;
				CLANG_ENABLE_OBJC_ARC = YES;
				CLANG_ENABLE_OBJC_WEAK = YES;
				CLANG_WARN_BLOCK_CAPTURE_AUTORELEASING = YES;
				CLANG_WARN_BOOL_CONVERSION = YES;
				CLANG_WARN_COMMA = YES;
				CLANG_WARN_CONSTANT_CONVERSION = YES;
				CLANG_WARN_DEPRECATED_OBJC_IMPLEMENTATIONS = YES;
				CLANG_WARN_DIRECT_OBJC_ISA_USAGE = YES_ERROR;
				CLANG_WARN_DOCUMENTATION_COMMENTS = YES;
				CLANG_WARN_EMPTY_BODY = YES;
				CLANG_WARN_ENUM_CONVERSION = YES;
				CLANG_WARN_INFINITE_RECURSION = YES;
				CLANG_WARN_INT_CONVERSION = YES;
				CLANG_WARN_NON_LITERAL_NULL_CONVERSION = YES;
				CLANG_WARN_OBJC_IMPLICIT_RETAIN_SELF = YES;
				CLANG_WARN_OBJC_LITERAL_CONVERSION = YES;
				CLANG_WARN_OBJC_ROOT_CLASS = YES_ERROR;
				CLANG_WARN_QUOTED_INCLUDE_IN_FRAMEWORK_HEADER = YES;
				CLANG_WARN_RANGE_LOOP_ANALYSIS = YES;
				CLANG_WARN_STRICT_PROTOTYPES = YES;
				CLANG_WARN_SUSPICIOUS_MOVE = YES;
				CLANG_WARN_UNGUARDED_AVAILABILITY = YES_AGGRESSIVE;
				CLANG_WARN_UNREACHABLE_CODE = YES;
				CLANG_WARN__DUPLICATE_METHOD_MATCH = YES;
				COPY_PHASE_STRIP = NO;
				DEBUG_INFORMATION_FORMAT = dwarf;
				ENABLE_STRICT_OBJC_MSGSEND = YES;
				ENABLE_TESTABILITY = YES;
				ENABLE_USER_SCRIPT_SANDBOXING = YES;
				GCC_C_LANGUAGE_STANDARD = gnu17;
				GCC_DYNAMIC_NO_PIC = NO;
				GCC_NO_COMMON_BLOCKS = YES;
				GCC_OPTIMIZATION_LEVEL = 0;
				GCC_PREPROCESSOR_DEFINITIONS = (
					"DEBUG=1",
					"$(inherited)",
				);
				GCC_WARN_64_TO_32_BIT_CONVERSION = YES;
				GCC_WARN_ABOUT_RETURN_TYPE = YES_ERROR;
				GCC_WARN_UNDECLARED_SELECTOR = YES;
				GCC_WARN_UNINITIALIZED_AUTOS = YES_AGGRESSIVE;
				GCC_WARN_UNUSED_FUNCTION = YES;
				GCC_WARN_UNUSED_VARIABLE = YES;
				IPHONEOS_DEPLOYMENT_TARGET = 17.5;
				LOCALIZATION_PREFERS_STRING_CATALOGS = YES;
				MTL_ENABLE_DEBUG_INFO = INCLUDE_SOURCE;
				MTL_FAST_MATH = YES;
				ONLY_ACTIVE_ARCH = YES;
				SDKROOT = iphoneos;
				SWIFT_ACTIVE_COMPILATION_CONDITIONS = "DEBUG $(inherited)";
				SWIFT_OPTIMIZATION_LEVEL = "-Onone";
			};
			name = Debug;
		};
		4B27D96C2CCE105F0075A913 /* Release */ = {
			isa = XCBuildConfiguration;
			buildSettings = {
				ALWAYS_SEARCH_USER_PATHS = NO;
				ASSETCATALOG_COMPILER_GENERATE_SWIFT_ASSET_SYMBOL_EXTENSIONS = YES;
				CLANG_ANALYZER_NONNULL = YES;
				CLANG_ANALYZER_NUMBER_OBJECT_CONVERSION = YES_AGGRESSIVE;
				CLANG_CXX_LANGUAGE_STANDARD = "gnu++20";
				CLANG_ENABLE_MODULES = YES;
				CLANG_ENABLE_OBJC_ARC = YES;
				CLANG_ENABLE_OBJC_WEAK = YES;
				CLANG_WARN_BLOCK_CAPTURE_AUTORELEASING = YES;
				CLANG_WARN_BOOL_CONVERSION = YES;
				CLANG_WARN_COMMA = YES;
				CLANG_WARN_CONSTANT_CONVERSION = YES;
				CLANG_WARN_DEPRECATED_OBJC_IMPLEMENTATIONS = YES;
				CLANG_WARN_DIRECT_OBJC_ISA_USAGE = YES_ERROR;
				CLANG_WARN_DOCUMENTATION_COMMENTS = YES;
				CLANG_WARN_EMPTY_BODY = YES;
				CLANG_WARN_ENUM_CONVERSION = YES;
				CLANG_WARN_INFINITE_RECURSION = YES;
				CLANG_WARN_INT_CONVERSION = YES;
				CLANG_WARN_NON_LITERAL_NULL_CONVERSION = YES;
				CLANG_WARN_OBJC_IMPLICIT_RETAIN_SELF = YES;
				CLANG_WARN_OBJC_LITERAL_CONVERSION = YES;
				CLANG_WARN_OBJC_ROOT_CLASS = YES_ERROR;
				CLANG_WARN_QUOTED_INCLUDE_IN_FRAMEWORK_HEADER = YES;
				CLANG_WARN_RANGE_LOOP_ANALYSIS = YES;
				CLANG_WARN_STRICT_PROTOTYPES = YES;
				CLANG_WARN_SUSPICIOUS_MOVE = YES;
				CLANG_WARN_UNGUARDED_AVAILABILITY = YES_AGGRESSIVE;
				CLANG_WARN_UNREACHABLE_CODE = YES;
				CLANG_WARN__DUPLICATE_METHOD_MATCH = YES;
				COPY_PHASE_STRIP = NO;
				DEBUG_INFORMATION_FORMAT = "dwarf-with-dsym";
				ENABLE_NS_ASSERTIONS = NO;
				ENABLE_STRICT_OBJC_MSGSEND = YES;
				ENABLE_USER_SCRIPT_SANDBOXING = YES;
				GCC_C_LANGUAGE_STANDARD = gnu17;
				GCC_NO_COMMON_BLOCKS = YES;
				GCC_WARN_64_TO_32_BIT_CONVERSION = YES;
				GCC_WARN_ABOUT_RETURN_TYPE = YES_ERROR;
				GCC_WARN_UNDECLARED_SELECTOR = YES;
				GCC_WARN_UNINITIALIZED_AUTOS = YES_AGGRESSIVE;
				GCC_WARN_UNUSED_FUNCTION = YES;
				GCC_WARN_UNUSED_VARIABLE = YES;
				IPHONEOS_DEPLOYMENT_TARGET = 17.5;
				LOCALIZATION_PREFERS_STRING_CATALOGS = YES;
				MTL_ENABLE_DEBUG_INFO = NO;
				MTL_FAST_MATH = YES;
				SDKROOT = iphoneos;
				SWIFT_COMPILATION_MODE = wholemodule;
				VALIDATE_PRODUCT = YES;
			};
			name = Release;
		};
		4B27D96E2CCE105F0075A913 /* Debug */ = {
			isa = XCBuildConfiguration;
			buildSettings = {
				ASSETCATALOG_COMPILER_APPICON_NAME = AppIcon;
				ASSETCATALOG_COMPILER_GLOBAL_ACCENT_COLOR_NAME = AccentColor;
				CODE_SIGN_STYLE = Automatic;
				CURRENT_PROJECT_VERSION = 1;
				DEVELOPMENT_TEAM = GXYPVDH6YV;
				GENERATE_INFOPLIST_FILE = YES;
				INFOPLIST_FILE = MovieDataBaseApp/Info.plist;
				INFOPLIST_KEY_UIApplicationSupportsIndirectInputEvents = YES;
				INFOPLIST_KEY_UILaunchStoryboardName = LaunchScreen;
				INFOPLIST_KEY_UIMainStoryboardFile = Main;
				INFOPLIST_KEY_UISupportedInterfaceOrientations_iPad = "UIInterfaceOrientationPortrait UIInterfaceOrientationPortraitUpsideDown UIInterfaceOrientationLandscapeLeft UIInterfaceOrientationLandscapeRight";
				INFOPLIST_KEY_UISupportedInterfaceOrientations_iPhone = "UIInterfaceOrientationPortrait UIInterfaceOrientationLandscapeLeft UIInterfaceOrientationLandscapeRight";
				LD_RUNPATH_SEARCH_PATHS = (
					"$(inherited)",
					"@executable_path/Frameworks",
				);
				MARKETING_VERSION = 1.0;
				PRODUCT_BUNDLE_IDENTIFIER = "movie-database-app.com.MovieDataBaseApp";
				PRODUCT_NAME = "$(TARGET_NAME)";
				SWIFT_EMIT_LOC_STRINGS = YES;
				SWIFT_VERSION = 5.0;
				TARGETED_DEVICE_FAMILY = "1,2";
			};
			name = Debug;
		};
		4B27D96F2CCE105F0075A913 /* Release */ = {
			isa = XCBuildConfiguration;
			buildSettings = {
				ASSETCATALOG_COMPILER_APPICON_NAME = AppIcon;
				ASSETCATALOG_COMPILER_GLOBAL_ACCENT_COLOR_NAME = AccentColor;
				CODE_SIGN_STYLE = Automatic;
				CURRENT_PROJECT_VERSION = 1;
				DEVELOPMENT_TEAM = GXYPVDH6YV;
				GENERATE_INFOPLIST_FILE = YES;
				INFOPLIST_FILE = MovieDataBaseApp/Info.plist;
				INFOPLIST_KEY_UIApplicationSupportsIndirectInputEvents = YES;
				INFOPLIST_KEY_UILaunchStoryboardName = LaunchScreen;
				INFOPLIST_KEY_UIMainStoryboardFile = Main;
				INFOPLIST_KEY_UISupportedInterfaceOrientations_iPad = "UIInterfaceOrientationPortrait UIInterfaceOrientationPortraitUpsideDown UIInterfaceOrientationLandscapeLeft UIInterfaceOrientationLandscapeRight";
				INFOPLIST_KEY_UISupportedInterfaceOrientations_iPhone = "UIInterfaceOrientationPortrait UIInterfaceOrientationLandscapeLeft UIInterfaceOrientationLandscapeRight";
				LD_RUNPATH_SEARCH_PATHS = (
					"$(inherited)",
					"@executable_path/Frameworks",
				);
				MARKETING_VERSION = 1.0;
				PRODUCT_BUNDLE_IDENTIFIER = "movie-database-app.com.MovieDataBaseApp";
				PRODUCT_NAME = "$(TARGET_NAME)";
				SWIFT_EMIT_LOC_STRINGS = YES;
				SWIFT_VERSION = 5.0;
				TARGETED_DEVICE_FAMILY = "1,2";
			};
			name = Release;
		};
/* End XCBuildConfiguration section */

/* Begin XCConfigurationList section */
		4B27D9542CCE105D0075A913 /* Build configuration list for PBXProject "MovieDataBaseApp" */ = {
			isa = XCConfigurationList;
			buildConfigurations = (
				4B27D96B2CCE105F0075A913 /* Debug */,
				4B27D96C2CCE105F0075A913 /* Release */,
			);
			defaultConfigurationIsVisible = 0;
			defaultConfigurationName = Release;
		};
		4B27D96D2CCE105F0075A913 /* Build configuration list for PBXNativeTarget "MovieDataBaseApp" */ = {
			isa = XCConfigurationList;
			buildConfigurations = (
				4B27D96E2CCE105F0075A913 /* Debug */,
				4B27D96F2CCE105F0075A913 /* Release */,
			);
			defaultConfigurationIsVisible = 0;
			defaultConfigurationName = Release;
		};
/* End XCConfigurationList section */
	};
	rootObject = 4B27D9512CCE105D0075A913 /* Project object */;
}
